// !$*UTF8*$!
{
	archiveVersion = 1;
	classes = {
	};
	objectVersion = 46;
	objects = {

/* Begin PBXBuildFile section */
		72C7DC5F151D143800CFD869 /* AEExtensionCell.h in Headers */ = {isa = PBXBuildFile; fileRef = 72C7DC5D151D143800CFD869 /* AEExtensionCell.h */; };
		72C7DC60151D143800CFD869 /* AEExtensionCell.mm in Sources */ = {isa = PBXBuildFile; fileRef = 72C7DC5E151D143800CFD869 /* AEExtensionCell.mm */; };
		72D448F214CC1F7E00247B46 /* Foundation.framework in Frameworks */ = {isa = PBXBuildFile; fileRef = 72D448F114CC1F7E00247B46 /* Foundation.framework */; };
		72D4490514CC1FEF00247B46 /* UIKit.framework in Frameworks */ = {isa = PBXBuildFile; fileRef = 72D4490414CC1FEF00247B46 /* UIKit.framework */; };
		72D4490814CC2C5100247B46 /* Twitter.framework in Frameworks */ = {isa = PBXBuildFile; fileRef = 72D4490714CC2C5100247B46 /* Twitter.framework */; };
		72D4490A14CC2DD500247B46 /* Accounts.framework in Frameworks */ = {isa = PBXBuildFile; fileRef = 72D4490914CC2DD500247B46 /* Accounts.framework */; };
		72DDF711151924C600DB46FA /* AEPrefs.h in Headers */ = {isa = PBXBuildFile; fileRef = 72DDF710151924C600DB46FA /* AEPrefs.h */; };
		72DDF714151925B300DB46FA /* AEPrefs.mm in Sources */ = {isa = PBXBuildFile; fileRef = 72D4490214CC1FDB00247B46 /* AEPrefs.mm */; };
		72DDF71715192FD900DB46FA /* AEDonate.h in Headers */ = {isa = PBXBuildFile; fileRef = 72DDF71515192FD900DB46FA /* AEDonate.h */; };
		72DDF71815192FD900DB46FA /* AEDonate.mm in Sources */ = {isa = PBXBuildFile; fileRef = 72DDF71615192FD900DB46FA /* AEDonate.mm */; };
/* End PBXBuildFile section */

/* Begin PBXFileReference section */
		72C7DC5D151D143800CFD869 /* AEExtensionCell.h */ = {isa = PBXFileReference; fileEncoding = 4; lastKnownFileType = sourcecode.c.h; path = AEExtensionCell.h; sourceTree = SOURCE_ROOT; };
		72C7DC5E151D143800CFD869 /* AEExtensionCell.mm */ = {isa = PBXFileReference; fileEncoding = 4; lastKnownFileType = sourcecode.cpp.objcpp; path = AEExtensionCell.mm; sourceTree = SOURCE_ROOT; };
		72C7DC68151D1C1700CFD869 /* about.txt */ = {isa = PBXFileReference; lastKnownFileType = text; name = about.txt; path = Resources/about.txt; sourceTree = SOURCE_ROOT; };
		72C7DC69151D2BFE00CFD869 /* AEExtensionCell.xib */ = {isa = PBXFileReference; fileEncoding = 4; lastKnownFileType = file.xib; path = AEExtensionCell.xib; sourceTree = SOURCE_ROOT; };
		72D448EE14CC1F7E00247B46 /* libAEPrefs.a */ = {isa = PBXFileReference; explicitFileType = archive.ar; includeInIndex = 0; path = libAEPrefs.a; sourceTree = BUILT_PRODUCTS_DIR; };
		72D448F114CC1F7E00247B46 /* Foundation.framework */ = {isa = PBXFileReference; lastKnownFileType = wrapper.framework; name = Foundation.framework; path = System/Library/Frameworks/Foundation.framework; sourceTree = SDKROOT; };
		72D4490214CC1FDB00247B46 /* AEPrefs.mm */ = {isa = PBXFileReference; fileEncoding = 4; lastKnownFileType = sourcecode.cpp.objcpp; path = AEPrefs.mm; sourceTree = SOURCE_ROOT; };
		72D4490414CC1FEF00247B46 /* UIKit.framework */ = {isa = PBXFileReference; lastKnownFileType = wrapper.framework; name = UIKit.framework; path = System/Library/Frameworks/UIKit.framework; sourceTree = SDKROOT; };
		72D4490714CC2C5100247B46 /* Twitter.framework */ = {isa = PBXFileReference; lastKnownFileType = wrapper.framework; name = Twitter.framework; path = System/Library/Frameworks/Twitter.framework; sourceTree = SDKROOT; };
		72D4490914CC2DD500247B46 /* Accounts.framework */ = {isa = PBXFileReference; lastKnownFileType = wrapper.framework; name = Accounts.framework; path = System/Library/Frameworks/Accounts.framework; sourceTree = SDKROOT; };
		72DDF710151924C600DB46FA /* AEPrefs.h */ = {isa = PBXFileReference; fileEncoding = 4; lastKnownFileType = sourcecode.c.h; path = AEPrefs.h; sourceTree = SOURCE_ROOT; };
		72DDF71515192FD900DB46FA /* AEDonate.h */ = {isa = PBXFileReference; fileEncoding = 4; lastKnownFileType = sourcecode.c.h; path = AEDonate.h; sourceTree = SOURCE_ROOT; };
		72DDF71615192FD900DB46FA /* AEDonate.mm */ = {isa = PBXFileReference; fileEncoding = 4; lastKnownFileType = sourcecode.cpp.objcpp; path = AEDonate.mm; sourceTree = SOURCE_ROOT; };
/* End PBXFileReference section */

/* Begin PBXFrameworksBuildPhase section */
		72D448EB14CC1F7E00247B46 /* Frameworks */ = {
			isa = PBXFrameworksBuildPhase;
			buildActionMask = 2147483647;
			files = (
				72D4490A14CC2DD500247B46 /* Accounts.framework in Frameworks */,
				72D4490814CC2C5100247B46 /* Twitter.framework in Frameworks */,
				72D4490514CC1FEF00247B46 /* UIKit.framework in Frameworks */,
				72D448F214CC1F7E00247B46 /* Foundation.framework in Frameworks */,
			);
			runOnlyForDeploymentPostprocessing = 0;
		};
/* End PBXFrameworksBuildPhase section */

/* Begin PBXGroup section */
		72D448E314CC1F7E00247B46 = {
			isa = PBXGroup;
			children = (
				72D4490914CC2DD500247B46 /* Accounts.framework */,
				72D4490714CC2C5100247B46 /* Twitter.framework */,
				72D4490414CC1FEF00247B46 /* UIKit.framework */,
				72D448F314CC1F7E00247B46 /* AEPrefs */,
				72D448EF14CC1F7E00247B46 /* Products */,
				72D448F014CC1F7E00247B46 /* Frameworks */,
			);
			sourceTree = "<group>";
		};
		72D448EF14CC1F7E00247B46 /* Products */ = {
			isa = PBXGroup;
			children = (
				72D448EE14CC1F7E00247B46 /* libAEPrefs.a */,
			);
			name = Products;
			sourceTree = "<group>";
		};
		72D448F014CC1F7E00247B46 /* Frameworks */ = {
			isa = PBXGroup;
			children = (
				72D448F114CC1F7E00247B46 /* Foundation.framework */,
			);
			name = Frameworks;
			sourceTree = "<group>";
		};
		72D448F314CC1F7E00247B46 /* AEPrefs */ = {
			isa = PBXGroup;
			children = (
				72C7DC68151D1C1700CFD869 /* about.txt */,
				72D4490214CC1FDB00247B46 /* AEPrefs.mm */,
				72DDF710151924C600DB46FA /* AEPrefs.h */,
				72DDF71515192FD900DB46FA /* AEDonate.h */,
				72DDF71615192FD900DB46FA /* AEDonate.mm */,
				72C7DC5D151D143800CFD869 /* AEExtensionCell.h */,
				72C7DC5E151D143800CFD869 /* AEExtensionCell.mm */,
				72C7DC69151D2BFE00CFD869 /* AEExtensionCell.xib */,
			);
			path = AEPrefs;
			sourceTree = "<group>";
		};
/* End PBXGroup section */

/* Begin PBXHeadersBuildPhase section */
		72D448EC14CC1F7E00247B46 /* Headers */ = {
			isa = PBXHeadersBuildPhase;
			buildActionMask = 2147483647;
			files = (
				72DDF711151924C600DB46FA /* AEPrefs.h in Headers */,
				72DDF71715192FD900DB46FA /* AEDonate.h in Headers */,
				72C7DC5F151D143800CFD869 /* AEExtensionCell.h in Headers */,
			);
			runOnlyForDeploymentPostprocessing = 0;
		};
/* End PBXHeadersBuildPhase section */

/* Begin PBXNativeTarget section */
		72D448ED14CC1F7E00247B46 /* AEPrefs */ = {
			isa = PBXNativeTarget;
			buildConfigurationList = 72D448FB14CC1F7E00247B46 /* Build configuration list for PBXNativeTarget "AEPrefs" */;
			buildPhases = (
				72DDF713151925AB00DB46FA /* Sources */,
				72D448EB14CC1F7E00247B46 /* Frameworks */,
				72D448EC14CC1F7E00247B46 /* Headers */,
				72D4490614CC22EE00247B46 /* ShellScript */,
			);
			buildRules = (
			);
			dependencies = (
			);
			name = AEPrefs;
			productName = AEPrefs;
			productReference = 72D448EE14CC1F7E00247B46 /* libAEPrefs.a */;
			productType = "com.apple.product-type.library.static";
		};
/* End PBXNativeTarget section */

/* Begin PBXProject section */
		72D448E514CC1F7E00247B46 /* Project object */ = {
			isa = PBXProject;
			attributes = {
				LastUpgradeCheck = 0420;
				ORGANIZATIONNAME = K3A;
			};
			buildConfigurationList = 72D448E814CC1F7E00247B46 /* Build configuration list for PBXProject "AEPrefs" */;
			compatibilityVersion = "Xcode 3.2";
			developmentRegion = English;
			hasScannedForEncodings = 0;
			knownRegions = (
				en,
			);
			mainGroup = 72D448E314CC1F7E00247B46;
			productRefGroup = 72D448EF14CC1F7E00247B46 /* Products */;
			projectDirPath = "";
			projectRoot = "";
			targets = (
				72D448ED14CC1F7E00247B46 /* AEPrefs */,
			);
		};
/* End PBXProject section */

/* Begin PBXShellScriptBuildPhase section */
		72D4490614CC22EE00247B46 /* ShellScript */ = {
			isa = PBXShellScriptBuildPhase;
			buildActionMask = 2147483647;
			files = (
			);
			inputPaths = (
			);
			outputPaths = (
			);
			runOnlyForDeploymentPostprocessing = 0;
			shellPath = /bin/sh;
			shellScript = "make test";
		};
/* End PBXShellScriptBuildPhase section */

/* Begin PBXSourcesBuildPhase section */
		72DDF713151925AB00DB46FA /* Sources */ = {
			isa = PBXSourcesBuildPhase;
			buildActionMask = 2147483647;
			files = (
				72DDF714151925B300DB46FA /* AEPrefs.mm in Sources */,
				72DDF71815192FD900DB46FA /* AEDonate.mm in Sources */,
				72C7DC60151D143800CFD869 /* AEExtensionCell.mm in Sources */,
			);
			runOnlyForDeploymentPostprocessing = 0;
		};
/* End PBXSourcesBuildPhase section */

/* Begin XCBuildConfiguration section */
		72D448F914CC1F7E00247B46 /* Debug */ = {
			isa = XCBuildConfiguration;
			buildSettings = {
				ALWAYS_SEARCH_USER_PATHS = NO;
				ARCHS = "$(ARCHS_STANDARD_32_BIT)";
				COPY_PHASE_STRIP = NO;
				GCC_C_LANGUAGE_STANDARD = gnu99;
				GCC_DYNAMIC_NO_PIC = NO;
				GCC_OPTIMIZATION_LEVEL = 0;
				GCC_PREPROCESSOR_DEFINITIONS = (
					"DEBUG=1",
					"$(inherited)",
				);
				GCC_SYMBOLS_PRIVATE_EXTERN = NO;
				GCC_VERSION = com.apple.compilers.llvm.clang.1_0;
				GCC_WARN_ABOUT_MISSING_PROTOTYPES = YES;
				GCC_WARN_ABOUT_RETURN_TYPE = YES;
				GCC_WARN_UNUSED_VARIABLE = YES;
				IPHONEOS_DEPLOYMENT_TARGET = 5.0;
				SDKROOT = iphoneos;
			};
			name = Debug;
		};
		72D448FA14CC1F7E00247B46 /* Release */ = {
			isa = XCBuildConfiguration;
			buildSettings = {
				ALWAYS_SEARCH_USER_PATHS = NO;
				ARCHS = "$(ARCHS_STANDARD_32_BIT)";
				COPY_PHASE_STRIP = YES;
				GCC_C_LANGUAGE_STANDARD = gnu99;
				GCC_VERSION = com.apple.compilers.llvm.clang.1_0;
				GCC_WARN_ABOUT_MISSING_PROTOTYPES = YES;
				GCC_WARN_ABOUT_RETURN_TYPE = YES;
				GCC_WARN_UNUSED_VARIABLE = YES;
				IPHONEOS_DEPLOYMENT_TARGET = 5.0;
				SDKROOT = iphoneos;
				VALIDATE_PRODUCT = YES;
			};
			name = Release;
		};
		72D448FC14CC1F7E00247B46 /* Debug */ = {
			isa = XCBuildConfiguration;
			buildSettings = {
				DSTROOT = /tmp/AEPrefs.dst;
				GCC_PRECOMPILE_PREFIX_HEADER = NO;
				HEADER_SEARCH_PATHS = /ios/includes;
				OTHER_LDFLAGS = "-ObjC";
				PRODUCT_NAME = "$(TARGET_NAME)";
				SKIP_INSTALL = YES;
			};
			name = Debug;
		};
		72D448FD14CC1F7E00247B46 /* Release */ = {
			isa = XCBuildConfiguration;
			buildSettings = {
				DSTROOT = /tmp/AEPrefs.dst;
				GCC_PRECOMPILE_PREFIX_HEADER = NO;
				HEADER_SEARCH_PATHS = /ios/includes;
				OTHER_LDFLAGS = "-ObjC";
				PRODUCT_NAME = "$(TARGET_NAME)";
				SKIP_INSTALL = YES;
			};
			name = Release;
		};
/* End XCBuildConfiguration section */

/* Begin XCConfigurationList section */
		72D448E814CC1F7E00247B46 /* Build configuration list for PBXProject "AEPrefs" */ = {
			isa = XCConfigurationList;
			buildConfigurations = (
				72D448F914CC1F7E00247B46 /* Debug */,
				72D448FA14CC1F7E00247B46 /* Release */,
			);
			defaultConfigurationIsVisible = 0;
			defaultConfigurationName = Release;
		};
		72D448FB14CC1F7E00247B46 /* Build configuration list for PBXNativeTarget "AEPrefs" */ = {
			isa = XCConfigurationList;
			buildConfigurations = (
				72D448FC14CC1F7E00247B46 /* Debug */,
				72D448FD14CC1F7E00247B46 /* Release */,
			);
			defaultConfigurationIsVisible = 0;
			defaultConfigurationName = Release;
		};
/* End XCConfigurationList section */
	};
	rootObject = 72D448E514CC1F7E00247B46 /* Project object */;
}
